Microsoft Visual Studio Solution File, Format Version 12.00
# Visual Studio Version 17
VisualStudioVersion = 17.5.2.0
MinimumVisualStudioVersion = 10.0.40219.1
Project("{FAE04EC0-301F-11D3-BF4B-00C04F79EFBC}") = "CopyNest", "CopyNest.csproj", "{3B58B748-1554-3B07-357A-25B3D6032B87}"
EndProject
Global
	GlobalSection(SolutionConfigurationPlatforms) = preSolution
		Debug|Any CPU = Debug|Any CPU
		Release|Any CPU = Release|Any CPU
	EndGlobalSection
	GlobalSection(ProjectConfigurationPlatforms) = postSolution
		{3B58B748-1554-3B07-357A-25B3D6032B87}.Debug|Any CPU.ActiveCfg = Debug|Any CPU
		{3B58B748-1554-3B07-357A-25B3D6032B87}.Debug|Any CPU.Build.0 = Debug|Any CPU
		{3B58B748-1554-3B07-357A-25B3D6032B87}.Release|Any CPU.ActiveCfg = Release|Any CPU
		{3B58B748-1554-3B07-357A-25B3D6032B87}.Release|Any CPU.Build.0 = Release|Any CPU
	EndGlobalSection
	GlobalSection(SolutionProperties) = preSolution
		HideSolutionNode = FALSE
	EndGlobalSection
	GlobalSection(ExtensibilityGlobals) = postSolution
		SolutionGuid = {77D90F47-7F5C-45ED-9B2F-6A9651447BD7}
	EndGlobalSection
EndGlobal
